
Microsoft Visual Studio Solution File, Format Version 12.00
# Visual Studio Version 17
VisualStudioVersion = 17.0.31903.59
MinimumVisualStudioVersion = 10.0.40219.1
Project("{2150E333-8FDC-42A3-9474-1A3956D46DE8}") = "src", "src", "{B886FE7A-BB16-4D34-9B17-DE1D2BA596EF}"
EndProject
Project("{FAE04EC0-301F-11D3-BF4B-00C04F79EFBC}") = "POTMS", "src\POTMS\POTMS.csproj", "{13FCE897-9D49-4B71-AEAB-2C47F3AF9D36}"
EndProject
Project("{2150E333-8FDC-42A3-9474-1A3956D46DE8}") = "tests", "tests", "{5F593685-DB98-41D9-A854-45C0438D5B67}"
EndProject
Project("{FAE04EC0-301F-11D3-BF4B-00C04F79EFBC}") = "POTMS.Tests", "tests\POTMS.Tests\POTMS.Tests.csproj", "{D14EADE1-D05C-42C0-A58F-FAD3252D88D0}"
EndProject
Global
	GlobalSection(SolutionConfigurationPlatforms) = preSolution
		Debug|Any CPU = Debug|Any CPU
		Release|Any CPU = Release|Any CPU
	EndGlobalSection
	GlobalSection(SolutionProperties) = preSolution
		HideSolutionNode = FALSE
	EndGlobalSection
	GlobalSection(ProjectConfigurationPlatforms) = postSolution
		{13FCE897-9D49-4B71-AEAB-2C47F3AF9D36}.Debug|Any CPU.ActiveCfg = Debug|Any CPU
		{13FCE897-9D49-4B71-AEAB-2C47F3AF9D36}.Debug|Any CPU.Build.0 = Debug|Any CPU
		{13FCE897-9D49-4B71-AEAB-2C47F3AF9D36}.Release|Any CPU.ActiveCfg = Release|Any CPU
		{13FCE897-9D49-4B71-AEAB-2C47F3AF9D36}.Release|Any CPU.Build.0 = Release|Any CPU
		{D14EADE1-D05C-42C0-A58F-FAD3252D88D0}.Debug|Any CPU.ActiveCfg = Debug|Any CPU
		{D14EADE1-D05C-42C0-A58F-FAD3252D88D0}.Debug|Any CPU.Build.0 = Debug|Any CPU
		{D14EADE1-D05C-42C0-A58F-FAD3252D88D0}.Release|Any CPU.ActiveCfg = Release|Any CPU
		{D14EADE1-D05C-42C0-A58F-FAD3252D88D0}.Release|Any CPU.Build.0 = Release|Any CPU
	EndGlobalSection
	GlobalSection(NestedProjects) = preSolution
		{13FCE897-9D49-4B71-AEAB-2C47F3AF9D36} = {B886FE7A-BB16-4D34-9B17-DE1D2BA596EF}
		{D14EADE1-D05C-42C0-A58F-FAD3252D88D0} = {5F593685-DB98-41D9-A854-45C0438D5B67}
	EndGlobalSection
EndGlobal
